# This file is automatically @generated by Poetry 1.7.1 and should not be changed by hand.

[[package]]
name = "python-box"
version = "7.1.1"
description = "Advanced Python dictionaries with dot notation access"
optional = false
python-versions = ">=3.8"
files = [
    {file = "python-box-7.1.1.tar.gz", hash = "sha256:2a3df244a5a79ac8f8447b5d11b5be0f2747d7b141cb2866060081ae9b53cc50"},
    {file = "python_box-7.1.1-cp310-cp310-macosx_11_0_x86_64.whl", hash = "sha256:81ed1ec0f0ff2370227fc07277c5baca46d190a4747631bad7eb6ab1630fb7d9"},
    {file = "python_box-7.1.1-cp310-cp310-manylinux_2_17_x86_64.manylinux2014_x86_64.whl", hash = "sha256:8891735b4148e84d348c6eadd2f127152f751c9603e35d43a1f496183a291ac4"},
    {file = "python_box-7.1.1-cp310-cp310-win_amd64.whl", hash = "sha256:0036fd47d388deaca8ebd65aea905f88ee6ef91d1d8ce34898b66f1824afbe80"},
    {file = "python_box-7.1.1-cp311-cp311-macosx_10_9_universal2.whl", hash = "sha256:aabf8b9ae5dbc8ba431d8cbe0d4cfe737a25d52d68b0f5f2ff34915c21a2c1db"},
    {file = "python_box-7.1.1-cp311-cp311-manylinux_2_17_x86_64.manylinux2014_x86_64.whl", hash = "sha256:c046608337e723ae4de3206db5d1e1202ed166da2dfdc70c1f9361e72ace5633"},
    {file = "python_box-7.1.1-cp311-cp311-win_amd64.whl", hash = "sha256:f9266795e9c233874fb5b34fa994054b4fb0371881678e6ec45aec17fc95feac"},
    {file = "python_box-7.1.1-cp38-cp38-macosx_11_0_x86_64.whl", hash = "sha256:f76b5b7f0cdc07bfdd4200dc24e6e33189bb2ae322137a2b7110fd41891a3157"},
    {file = "python_box-7.1.1-cp38-cp38-manylinux_2_17_x86_64.manylinux2014_x86_64.whl", hash = "sha256:4ea13c98e05a3ec0ff26f254986a17290b69b5ade209fad081fd628f8fcfaa08"},
    {file = "python_box-7.1.1-cp38-cp38-win_amd64.whl", hash = "sha256:1b3f346e332dba16df0b0543d319d9e7ce07d93e5ae152175302894352aa2d28"},
    {file = "python_box-7.1.1-cp39-cp39-macosx_11_0_x86_64.whl", hash = "sha256:24c4ec0ee0278f66321100aaa9c615413da27a14ff43d376a2a3b4665e1d9494"},
    {file = "python_box-7.1.1-cp39-cp39-manylinux_2_17_x86_64.manylinux2014_x86_64.whl", hash = "sha256:d95e5eec4fc8f3fc5c9cc7347fc2eb4f9187c853d34c90b1658d1eff96cd4eac"},
    {file = "python_box-7.1.1-cp39-cp39-win_amd64.whl", hash = "sha256:a0f1333c42e81529b6f68c192050df9d4505b803be7ac47f114036b98707f7cf"},
    {file = "python_box-7.1.1-py3-none-any.whl", hash = "sha256:63b609555554d7a9d4b6e725f8e78ef1717c67e7d386200e03422ad612338df8"},
]

[package.extras]
all = ["msgpack", "ruamel.yaml (>=0.17)", "toml"]
msgpack = ["msgpack"]
pyyaml = ["PyYAML"]
ruamel-yaml = ["ruamel.yaml (>=0.17)"]
toml = ["toml"]
tomli = ["tomli", "tomli-w"]
yaml = ["ruamel.yaml (>=0.17)"]

[metadata]
lock-version = "2.0"
python-versions = "^3.10"
content-hash = "4223d75f15d0ed374b98cf6d50048a7b06e3e21c6d5ffe07c48fc92aecd26834"
